// !$*UTF8*$!
{
	archiveVersion = 1;
	classes = {
	};
	objectVersion = 56;
	objects = {

/* Begin PBXBuildFile section */
		7D66F94B296D919500C3C510 /* UIImageView+ResizeWithImage.swift in Sources */ = {isa = PBXBuildFile; fileRef = 7D66F94A296D919500C3C510 /* UIImageView+ResizeWithImage.swift */; };
		7D6F3C20296C7246001AA6DF /* AppDelegate.swift in Sources */ = {isa = PBXBuildFile; fileRef = 7D6F3C1F296C7246001AA6DF /* AppDelegate.swift */; };
		7D6F3C29296C724A001AA6DF /* Assets.xcassets in Resources */ = {isa = PBXBuildFile; fileRef = 7D6F3C28296C724A001AA6DF /* Assets.xcassets */; };
		7D6F3C2C296C724A001AA6DF /* LaunchScreen.storyboard in Resources */ = {isa = PBXBuildFile; fileRef = 7D6F3C2A296C724A001AA6DF /* LaunchScreen.storyboard */; };
		7D6F3C3A296C725A001AA6DF /* StatusCodeListViewModelTest.swift in Sources */ = {isa = PBXBuildFile; fileRef = 7D6F3C39296C725A001AA6DF /* StatusCodeListViewModelTest.swift */; };
		7D6F3C4A296C81CE001AA6DF /* RequestExecuter.swift in Sources */ = {isa = PBXBuildFile; fileRef = 7D6F3C49296C81CE001AA6DF /* RequestExecuter.swift */; };
		7D6F3C4C296C82A3001AA6DF /* RequestFactory.swift in Sources */ = {isa = PBXBuildFile; fileRef = 7D6F3C4B296C82A3001AA6DF /* RequestFactory.swift */; };
		7D6F3C4E296C82C6001AA6DF /* CatProvider.swift in Sources */ = {isa = PBXBuildFile; fileRef = 7D6F3C4D296C82C6001AA6DF /* CatProvider.swift */; };
		7D6F3C50296C8CEB001AA6DF /* StatusCodeListController.swift in Sources */ = {isa = PBXBuildFile; fileRef = 7D6F3C4F296C8CEB001AA6DF /* StatusCodeListController.swift */; };
		7D6F3C52296C8CF9001AA6DF /* StatusCodeListViewModel.swift in Sources */ = {isa = PBXBuildFile; fileRef = 7D6F3C51296C8CF9001AA6DF /* StatusCodeListViewModel.swift */; };
		7D6F3C54296C8D06001AA6DF /* CatDetailsController.swift in Sources */ = {isa = PBXBuildFile; fileRef = 7D6F3C53296C8D06001AA6DF /* CatDetailsController.swift */; };
		7D6F3C56296C8D17001AA6DF /* CatDetailsViewModel.swift in Sources */ = {isa = PBXBuildFile; fileRef = 7D6F3C55296C8D17001AA6DF /* CatDetailsViewModel.swift */; };
		7D6F3C5C296C9E3B001AA6DF /* TwoLabelsCell.swift in Sources */ = {isa = PBXBuildFile; fileRef = 7D6F3C5B296C9E3B001AA6DF /* TwoLabelsCell.swift */; };
		7D6F3C5E296C9F5B001AA6DF /* ImageWithLabelView.swift in Sources */ = {isa = PBXBuildFile; fileRef = 7D6F3C5D296C9F5B001AA6DF /* ImageWithLabelView.swift */; };
		7D6F3C65296CC4DD001AA6DF /* Bindable.swift in Sources */ = {isa = PBXBuildFile; fileRef = 7D6F3C64296CC4DC001AA6DF /* Bindable.swift */; };
		7D6F3C67296CCE3E001AA6DF /* TwoLabelsItem.swift in Sources */ = {isa = PBXBuildFile; fileRef = 7D6F3C66296CCE3E001AA6DF /* TwoLabelsItem.swift */; };
		7D6F3C6D296CCF92001AA6DF /* HTTPStatusCodeList.swift in Sources */ = {isa = PBXBuildFile; fileRef = 7D6F3C6C296CCF92001AA6DF /* HTTPStatusCodeList.swift */; };
		7D6F3C6F296CDD40001AA6DF /* Action.swift in Sources */ = {isa = PBXBuildFile; fileRef = 7D6F3C6E296CDD40001AA6DF /* Action.swift */; };
		7D6F3C71296CE3ED001AA6DF /* Button.swift in Sources */ = {isa = PBXBuildFile; fileRef = 7D6F3C70296CE3ED001AA6DF /* Button.swift */; };
		7D6F3C73296CEED2001AA6DF /* ImageWithTitleItem.swift in Sources */ = {isa = PBXBuildFile; fileRef = 7D6F3C72296CEED2001AA6DF /* ImageWithTitleItem.swift */; };
		7D6F3C75296D5C3D001AA6DF /* DisposableBindable.swift in Sources */ = {isa = PBXBuildFile; fileRef = 7D6F3C74296D5C3C001AA6DF /* DisposableBindable.swift */; };
		7D6F3C79296D6967001AA6DF /* CatDetailsViewModelTest.swift in Sources */ = {isa = PBXBuildFile; fileRef = 7D6F3C78296D6967001AA6DF /* CatDetailsViewModelTest.swift */; };
/* End PBXBuildFile section */

/* Begin PBXContainerItemProxy section */
		7D6F3C3B296C725A001AA6DF /* PBXContainerItemProxy */ = {
			isa = PBXContainerItemProxy;
			containerPortal = 7D6F3C14296C7245001AA6DF /* Project object */;
			proxyType = 1;
			remoteGlobalIDString = 7D6F3C1B296C7246001AA6DF;
			remoteInfo = CatsAndSomeMoreCats;
		};
/* End PBXContainerItemProxy section */

/* Begin PBXFileReference section */
		7D66F94A296D919500C3C510 /* UIImageView+ResizeWithImage.swift */ = {isa = PBXFileReference; lastKnownFileType = sourcecode.swift; path = "UIImageView+ResizeWithImage.swift"; sourceTree = "<group>"; };
		7D6F3C1C296C7246001AA6DF /* CatsAndSomeMoreCats.app */ = {isa = PBXFileReference; explicitFileType = wrapper.application; includeInIndex = 0; path = CatsAndSomeMoreCats.app; sourceTree = BUILT_PRODUCTS_DIR; };
		7D6F3C1F296C7246001AA6DF /* AppDelegate.swift */ = {isa = PBXFileReference; lastKnownFileType = sourcecode.swift; path = AppDelegate.swift; sourceTree = "<group>"; };
		7D6F3C28296C724A001AA6DF /* Assets.xcassets */ = {isa = PBXFileReference; lastKnownFileType = folder.assetcatalog; path = Assets.xcassets; sourceTree = "<group>"; };
		7D6F3C2B296C724A001AA6DF /* Base */ = {isa = PBXFileReference; lastKnownFileType = file.storyboard; name = Base; path = Base.lproj/LaunchScreen.storyboard; sourceTree = "<group>"; };
		7D6F3C2D296C724A001AA6DF /* Info.plist */ = {isa = PBXFileReference; lastKnownFileType = text.plist.xml; path = Info.plist; sourceTree = "<group>"; };
		7D6F3C37296C725A001AA6DF /* CatsAndSomeMoreCatsTests.xctest */ = {isa = PBXFileReference; explicitFileType = wrapper.cfbundle; includeInIndex = 0; path = CatsAndSomeMoreCatsTests.xctest; sourceTree = BUILT_PRODUCTS_DIR; };
		7D6F3C39296C725A001AA6DF /* StatusCodeListViewModelTest.swift */ = {isa = PBXFileReference; lastKnownFileType = sourcecode.swift; path = StatusCodeListViewModelTest.swift; sourceTree = "<group>"; };
		7D6F3C49296C81CE001AA6DF /* RequestExecuter.swift */ = {isa = PBXFileReference; lastKnownFileType = sourcecode.swift; path = RequestExecuter.swift; sourceTree = "<group>"; };
		7D6F3C4B296C82A3001AA6DF /* RequestFactory.swift */ = {isa = PBXFileReference; lastKnownFileType = sourcecode.swift; path = RequestFactory.swift; sourceTree = "<group>"; };
		7D6F3C4D296C82C6001AA6DF /* CatProvider.swift */ = {isa = PBXFileReference; lastKnownFileType = sourcecode.swift; path = CatProvider.swift; sourceTree = "<group>"; };
		7D6F3C4F296C8CEB001AA6DF /* StatusCodeListController.swift */ = {isa = PBXFileReference; lastKnownFileType = sourcecode.swift; path = StatusCodeListController.swift; sourceTree = "<group>"; };
		7D6F3C51296C8CF9001AA6DF /* StatusCodeListViewModel.swift */ = {isa = PBXFileReference; lastKnownFileType = sourcecode.swift; path = StatusCodeListViewModel.swift; sourceTree = "<group>"; };
		7D6F3C53296C8D06001AA6DF /* CatDetailsController.swift */ = {isa = PBXFileReference; lastKnownFileType = sourcecode.swift; path = CatDetailsController.swift; sourceTree = "<group>"; };
		7D6F3C55296C8D17001AA6DF /* CatDetailsViewModel.swift */ = {isa = PBXFileReference; lastKnownFileType = sourcecode.swift; path = CatDetailsViewModel.swift; sourceTree = "<group>"; };
		7D6F3C5B296C9E3B001AA6DF /* TwoLabelsCell.swift */ = {isa = PBXFileReference; lastKnownFileType = sourcecode.swift; path = TwoLabelsCell.swift; sourceTree = "<group>"; };
		7D6F3C5D296C9F5B001AA6DF /* ImageWithLabelView.swift */ = {isa = PBXFileReference; lastKnownFileType = sourcecode.swift; path = ImageWithLabelView.swift; sourceTree = "<group>"; };
		7D6F3C64296CC4DC001AA6DF /* Bindable.swift */ = {isa = PBXFileReference; lastKnownFileType = sourcecode.swift; path = Bindable.swift; sourceTree = "<group>"; };
		7D6F3C66296CCE3E001AA6DF /* TwoLabelsItem.swift */ = {isa = PBXFileReference; lastKnownFileType = sourcecode.swift; path = TwoLabelsItem.swift; sourceTree = "<group>"; };
		7D6F3C6C296CCF92001AA6DF /* HTTPStatusCodeList.swift */ = {isa = PBXFileReference; lastKnownFileType = sourcecode.swift; path = HTTPStatusCodeList.swift; sourceTree = "<group>"; };
		7D6F3C6E296CDD40001AA6DF /* Action.swift */ = {isa = PBXFileReference; lastKnownFileType = sourcecode.swift; path = Action.swift; sourceTree = "<group>"; };
		7D6F3C70296CE3ED001AA6DF /* Button.swift */ = {isa = PBXFileReference; lastKnownFileType = sourcecode.swift; path = Button.swift; sourceTree = "<group>"; };
		7D6F3C72296CEED2001AA6DF /* ImageWithTitleItem.swift */ = {isa = PBXFileReference; lastKnownFileType = sourcecode.swift; path = ImageWithTitleItem.swift; sourceTree = "<group>"; };
		7D6F3C74296D5C3C001AA6DF /* DisposableBindable.swift */ = {isa = PBXFileReference; lastKnownFileType = sourcecode.swift; path = DisposableBindable.swift; sourceTree = "<group>"; };
		7D6F3C78296D6967001AA6DF /* CatDetailsViewModelTest.swift */ = {isa = PBXFileReference; lastKnownFileType = sourcecode.swift; path = CatDetailsViewModelTest.swift; sourceTree = "<group>"; };
/* End PBXFileReference section */

/* Begin PBXFrameworksBuildPhase section */
		7D6F3C19296C7246001AA6DF /* Frameworks */ = {
			isa = PBXFrameworksBuildPhase;
			buildActionMask = 2147483647;
			files = (
			);
			runOnlyForDeploymentPostprocessing = 0;
		};
		7D6F3C34296C725A001AA6DF /* Frameworks */ = {
			isa = PBXFrameworksBuildPhase;
			buildActionMask = 2147483647;
			files = (
			);
			runOnlyForDeploymentPostprocessing = 0;
		};
/* End PBXFrameworksBuildPhase section */

/* Begin PBXGroup section */
		7D66F949296D916700C3C510 /* Utils */ = {
			isa = PBXGroup;
			children = (
				7D66F94A296D919500C3C510 /* UIImageView+ResizeWithImage.swift */,
			);
			path = Utils;
			sourceTree = "<group>";
		};
		7D6F3C13296C7245001AA6DF = {
			isa = PBXGroup;
			children = (
				7D6F3C1E296C7246001AA6DF /* CatsAndSomeMoreCats */,
				7D6F3C38296C725A001AA6DF /* CatsAndSomeMoreCatsTests */,
				7D6F3C1D296C7246001AA6DF /* Products */,
			);
			sourceTree = "<group>";
		};
		7D6F3C1D296C7246001AA6DF /* Products */ = {
			isa = PBXGroup;
			children = (
				7D6F3C1C296C7246001AA6DF /* CatsAndSomeMoreCats.app */,
				7D6F3C37296C725A001AA6DF /* CatsAndSomeMoreCatsTests.xctest */,
			);
			name = Products;
			sourceTree = "<group>";
		};
		7D6F3C1E296C7246001AA6DF /* CatsAndSomeMoreCats */ = {
			isa = PBXGroup;
			children = (
				7D6F3C2D296C724A001AA6DF /* Info.plist */,
				7D6F3C1F296C7246001AA6DF /* AppDelegate.swift */,
				7D6F3C44296C7480001AA6DF /* API */,
				7D6F3C45296C74F6001AA6DF /* Networking */,
				7D6F3C42296C7456001AA6DF /* Screens */,
				7D6F3C40296C726D001AA6DF /* Resources */,
				7D6F3C43296C7478001AA6DF /* UI */,
				7D6F3C63296CBB5C001AA6DF /* Utils */,
			);
			path = CatsAndSomeMoreCats;
			sourceTree = "<group>";
		};
		7D6F3C38296C725A001AA6DF /* CatsAndSomeMoreCatsTests */ = {
			isa = PBXGroup;
			children = (
				7D6F3C39296C725A001AA6DF /* StatusCodeListViewModelTest.swift */,
				7D6F3C78296D6967001AA6DF /* CatDetailsViewModelTest.swift */,
			);
			path = CatsAndSomeMoreCatsTests;
			sourceTree = "<group>";
		};
		7D6F3C40296C726D001AA6DF /* Resources */ = {
			isa = PBXGroup;
			children = (
				7D6F3C28296C724A001AA6DF /* Assets.xcassets */,
				7D6F3C2A296C724A001AA6DF /* LaunchScreen.storyboard */,
			);
			path = Resources;
			sourceTree = "<group>";
		};
		7D6F3C42296C7456001AA6DF /* Screens */ = {
			isa = PBXGroup;
			children = (
				7D6F3C76296D5EF9001AA6DF /* CatDetails */,
				7D6F3C77296D5F01001AA6DF /* StatusCodeList */,
			);
			path = Screens;
			sourceTree = "<group>";
		};
		7D6F3C43296C7478001AA6DF /* UI */ = {
			isa = PBXGroup;
			children = (
				7D6F3C70296CE3ED001AA6DF /* Button.swift */,
				7D6F3C69296CCE53001AA6DF /* ImageWithLabelView */,
				7D6F3C68296CCE42001AA6DF /* TwoLabelsCell */,
				7D66F949296D916700C3C510 /* Utils */,
			);
			path = UI;
			sourceTree = "<group>";
		};
		7D6F3C44296C7480001AA6DF /* API */ = {
			isa = PBXGroup;
			children = (
				7D6F3C4D296C82C6001AA6DF /* CatProvider.swift */,
				7D6F3C6C296CCF92001AA6DF /* HTTPStatusCodeList.swift */,
				7D6F3C4B296C82A3001AA6DF /* RequestFactory.swift */,
			);
			path = API;
			sourceTree = "<group>";
		};
		7D6F3C45296C74F6001AA6DF /* Networking */ = {
			isa = PBXGroup;
			children = (
				7D6F3C49296C81CE001AA6DF /* RequestExecuter.swift */,
			);
			path = Networking;
			sourceTree = "<group>";
		};
		7D6F3C63296CBB5C001AA6DF /* Utils */ = {
			isa = PBXGroup;
			children = (
				7D6F3C6E296CDD40001AA6DF /* Action.swift */,
				7D6F3C64296CC4DC001AA6DF /* Bindable.swift */,
				7D6F3C74296D5C3C001AA6DF /* DisposableBindable.swift */,
			);
			path = Utils;
			sourceTree = "<group>";
		};
		7D6F3C68296CCE42001AA6DF /* TwoLabelsCell */ = {
			isa = PBXGroup;
			children = (
				7D6F3C5B296C9E3B001AA6DF /* TwoLabelsCell.swift */,
				7D6F3C66296CCE3E001AA6DF /* TwoLabelsItem.swift */,
			);
			path = TwoLabelsCell;
			sourceTree = "<group>";
		};
		7D6F3C69296CCE53001AA6DF /* ImageWithLabelView */ = {
			isa = PBXGroup;
			children = (
				7D6F3C5D296C9F5B001AA6DF /* ImageWithLabelView.swift */,
				7D6F3C72296CEED2001AA6DF /* ImageWithTitleItem.swift */,
			);
			path = ImageWithLabelView;
			sourceTree = "<group>";
		};
		7D6F3C76296D5EF9001AA6DF /* CatDetails */ = {
			isa = PBXGroup;
			children = (
				7D6F3C53296C8D06001AA6DF /* CatDetailsController.swift */,
				7D6F3C55296C8D17001AA6DF /* CatDetailsViewModel.swift */,
			);
			path = CatDetails;
			sourceTree = "<group>";
		};
		7D6F3C77296D5F01001AA6DF /* StatusCodeList */ = {
			isa = PBXGroup;
			children = (
				7D6F3C4F296C8CEB001AA6DF /* StatusCodeListController.swift */,
				7D6F3C51296C8CF9001AA6DF /* StatusCodeListViewModel.swift */,
			);
			path = StatusCodeList;
			sourceTree = "<group>";
		};
/* End PBXGroup section */

/* Begin PBXNativeTarget section */
		7D6F3C1B296C7246001AA6DF /* CatsAndSomeMoreCats */ = {
			isa = PBXNativeTarget;
			buildConfigurationList = 7D6F3C30296C724A001AA6DF /* Build configuration list for PBXNativeTarget "CatsAndSomeMoreCats" */;
			buildPhases = (
				7D6F3C18296C7246001AA6DF /* Sources */,
				7D6F3C19296C7246001AA6DF /* Frameworks */,
				7D6F3C1A296C7246001AA6DF /* Resources */,
			);
			buildRules = (
			);
			dependencies = (
			);
			name = CatsAndSomeMoreCats;
			productName = CatsAndSomeMoreCats;
			productReference = 7D6F3C1C296C7246001AA6DF /* CatsAndSomeMoreCats.app */;
			productType = "com.apple.product-type.application";
		};
		7D6F3C36296C725A001AA6DF /* CatsAndSomeMoreCatsTests */ = {
			isa = PBXNativeTarget;
			buildConfigurationList = 7D6F3C3D296C725A001AA6DF /* Build configuration list for PBXNativeTarget "CatsAndSomeMoreCatsTests" */;
			buildPhases = (
				7D6F3C33296C725A001AA6DF /* Sources */,
				7D6F3C34296C725A001AA6DF /* Frameworks */,
				7D6F3C35296C725A001AA6DF /* Resources */,
			);
			buildRules = (
			);
			dependencies = (
				7D6F3C3C296C725A001AA6DF /* PBXTargetDependency */,
			);
			name = CatsAndSomeMoreCatsTests;
			productName = CatsAndSomeMoreCatsTests;
			productReference = 7D6F3C37296C725A001AA6DF /* CatsAndSomeMoreCatsTests.xctest */;
			productType = "com.apple.product-type.bundle.unit-test";
		};
/* End PBXNativeTarget section */

/* Begin PBXProject section */
		7D6F3C14296C7245001AA6DF /* Project object */ = {
			isa = PBXProject;
			attributes = {
				BuildIndependentTargetsInParallel = 1;
				LastSwiftUpdateCheck = 1420;
				LastUpgradeCheck = 1420;
				TargetAttributes = {
					7D6F3C1B296C7246001AA6DF = {
						CreatedOnToolsVersion = 14.2;
					};
					7D6F3C36296C725A001AA6DF = {
						CreatedOnToolsVersion = 14.2;
						TestTargetID = 7D6F3C1B296C7246001AA6DF;
					};
				};
			};
			buildConfigurationList = 7D6F3C17296C7245001AA6DF /* Build configuration list for PBXProject "CatsAndSomeMoreCats" */;
			compatibilityVersion = "Xcode 14.0";
			developmentRegion = en;
			hasScannedForEncodings = 0;
			knownRegions = (
				en,
				Base,
			);
			mainGroup = 7D6F3C13296C7245001AA6DF;
			productRefGroup = 7D6F3C1D296C7246001AA6DF /* Products */;
			projectDirPath = "";
			projectRoot = "";
			targets = (
				7D6F3C1B296C7246001AA6DF /* CatsAndSomeMoreCats */,
				7D6F3C36296C725A001AA6DF /* CatsAndSomeMoreCatsTests */,
			);
		};
/* End PBXProject section */

/* Begin PBXResourcesBuildPhase section */
		7D6F3C1A296C7246001AA6DF /* Resources */ = {
			isa = PBXResourcesBuildPhase;
			buildActionMask = 2147483647;
			files = (
				7D6F3C2C296C724A001AA6DF /* LaunchScreen.storyboard in Resources */,
				7D6F3C29296C724A001AA6DF /* Assets.xcassets in Resources */,
			);
			runOnlyForDeploymentPostprocessing = 0;
		};
		7D6F3C35296C725A001AA6DF /* Resources */ = {
			isa = PBXResourcesBuildPhase;
			buildActionMask = 2147483647;
			files = (
			);
			runOnlyForDeploymentPostprocessing = 0;
		};
/* End PBXResourcesBuildPhase section */

/* Begin PBXSourcesBuildPhase section */
		7D6F3C18296C7246001AA6DF /* Sources */ = {
			isa = PBXSourcesBuildPhase;
			buildActionMask = 2147483647;
			files = (
				7D6F3C4E296C82C6001AA6DF /* CatProvider.swift in Sources */,
				7D6F3C73296CEED2001AA6DF /* ImageWithTitleItem.swift in Sources */,
				7D66F94B296D919500C3C510 /* UIImageView+ResizeWithImage.swift in Sources */,
				7D6F3C4C296C82A3001AA6DF /* RequestFactory.swift in Sources */,
				7D6F3C67296CCE3E001AA6DF /* TwoLabelsItem.swift in Sources */,
				7D6F3C20296C7246001AA6DF /* AppDelegate.swift in Sources */,
				7D6F3C56296C8D17001AA6DF /* CatDetailsViewModel.swift in Sources */,
				7D6F3C65296CC4DD001AA6DF /* Bindable.swift in Sources */,
				7D6F3C4A296C81CE001AA6DF /* RequestExecuter.swift in Sources */,
				7D6F3C5C296C9E3B001AA6DF /* TwoLabelsCell.swift in Sources */,
				7D6F3C5E296C9F5B001AA6DF /* ImageWithLabelView.swift in Sources */,
				7D6F3C54296C8D06001AA6DF /* CatDetailsController.swift in Sources */,
				7D6F3C71296CE3ED001AA6DF /* Button.swift in Sources */,
				7D6F3C75296D5C3D001AA6DF /* DisposableBindable.swift in Sources */,
				7D6F3C6D296CCF92001AA6DF /* HTTPStatusCodeList.swift in Sources */,
				7D6F3C6F296CDD40001AA6DF /* Action.swift in Sources */,
				7D6F3C50296C8CEB001AA6DF /* StatusCodeListController.swift in Sources */,
				7D6F3C52296C8CF9001AA6DF /* StatusCodeListViewModel.swift in Sources */,
			);
			runOnlyForDeploymentPostprocessing = 0;
		};
		7D6F3C33296C725A001AA6DF /* Sources */ = {
			isa = PBXSourcesBuildPhase;
			buildActionMask = 2147483647;
			files = (
				7D6F3C79296D6967001AA6DF /* CatDetailsViewModelTest.swift in Sources */,
				7D6F3C3A296C725A001AA6DF /* StatusCodeListViewModelTest.swift in Sources */,
			);
			runOnlyForDeploymentPostprocessing = 0;
		};
/* End PBXSourcesBuildPhase section */

/* Begin PBXTargetDependency section */
		7D6F3C3C296C725A001AA6DF /* PBXTargetDependency */ = {
			isa = PBXTargetDependency;
			target = 7D6F3C1B296C7246001AA6DF /* CatsAndSomeMoreCats */;
			targetProxy = 7D6F3C3B296C725A001AA6DF /* PBXContainerItemProxy */;
		};
/* End PBXTargetDependency section */

/* Begin PBXVariantGroup section */
		7D6F3C2A296C724A001AA6DF /* LaunchScreen.storyboard */ = {
			isa = PBXVariantGroup;
			children = (
				7D6F3C2B296C724A001AA6DF /* Base */,
			);
			name = LaunchScreen.storyboard;
			sourceTree = "<group>";
		};
/* End PBXVariantGroup section */

/* Begin XCBuildConfiguration section */
		7D6F3C2E296C724A001AA6DF /* Debug */ = {
			isa = XCBuildConfiguration;
			buildSettings = {
				ALWAYS_SEARCH_USER_PATHS = NO;
				CLANG_ANALYZER_NONNULL = YES;
				CLANG_ANALYZER_NUMBER_OBJECT_CONVERSION = YES_AGGRESSIVE;
				CLANG_CXX_LANGUAGE_STANDARD = "gnu++20";
				CLANG_ENABLE_MODULES = YES;
				CLANG_ENABLE_OBJC_ARC = YES;
				CLANG_ENABLE_OBJC_WEAK = YES;
				CLANG_WARN_BLOCK_CAPTURE_AUTORELEASING = YES;
				CLANG_WARN_BOOL_CONVERSION = YES;
				CLANG_WARN_COMMA = YES;
				CLANG_WARN_CONSTANT_CONVERSION = YES;
				CLANG_WARN_DEPRECATED_OBJC_IMPLEMENTATIONS = YES;
				CLANG_WARN_DIRECT_OBJC_ISA_USAGE = YES_ERROR;
				CLANG_WARN_DOCUMENTATION_COMMENTS = YES;
				CLANG_WARN_EMPTY_BODY = YES;
				CLANG_WARN_ENUM_CONVERSION = YES;
				CLANG_WARN_INFINITE_RECURSION = YES;
				CLANG_WARN_INT_CONVERSION = YES;
				CLANG_WARN_NON_LITERAL_NULL_CONVERSION = YES;
				CLANG_WARN_OBJC_IMPLICIT_RETAIN_SELF = YES;
				CLANG_WARN_OBJC_LITERAL_CONVERSION = YES;
				CLANG_WARN_OBJC_ROOT_CLASS = YES_ERROR;
				CLANG_WARN_QUOTED_INCLUDE_IN_FRAMEWORK_HEADER = YES;
				CLANG_WARN_RANGE_LOOP_ANALYSIS = YES;
				CLANG_WARN_STRICT_PROTOTYPES = YES;
				CLANG_WARN_SUSPICIOUS_MOVE = YES;
				CLANG_WARN_UNGUARDED_AVAILABILITY = YES_AGGRESSIVE;
				CLANG_WARN_UNREACHABLE_CODE = YES;
				CLANG_WARN__DUPLICATE_METHOD_MATCH = YES;
				COPY_PHASE_STRIP = NO;
				DEBUG_INFORMATION_FORMAT = dwarf;
				ENABLE_STRICT_OBJC_MSGSEND = YES;
				ENABLE_TESTABILITY = YES;
				GCC_C_LANGUAGE_STANDARD = gnu11;
				GCC_DYNAMIC_NO_PIC = NO;
				GCC_NO_COMMON_BLOCKS = YES;
				GCC_OPTIMIZATION_LEVEL = 0;
				GCC_PREPROCESSOR_DEFINITIONS = (
					"DEBUG=1",
					"$(inherited)",
				);
				GCC_WARN_64_TO_32_BIT_CONVERSION = YES;
				GCC_WARN_ABOUT_RETURN_TYPE = YES_ERROR;
				GCC_WARN_UNDECLARED_SELECTOR = YES;
				GCC_WARN_UNINITIALIZED_AUTOS = YES_AGGRESSIVE;
				GCC_WARN_UNUSED_FUNCTION = YES;
				GCC_WARN_UNUSED_VARIABLE = YES;
				IPHONEOS_DEPLOYMENT_TARGET = 16.2;
				MTL_ENABLE_DEBUG_INFO = INCLUDE_SOURCE;
				MTL_FAST_MATH = YES;
				ONLY_ACTIVE_ARCH = YES;
				SDKROOT = iphoneos;
				SWIFT_ACTIVE_COMPILATION_CONDITIONS = DEBUG;
				SWIFT_OPTIMIZATION_LEVEL = "-Onone";
			};
			name = Debug;
		};
		7D6F3C2F296C724A001AA6DF /* Release */ = {
			isa = XCBuildConfiguration;
			buildSettings = {
				ALWAYS_SEARCH_USER_PATHS = NO;
				CLANG_ANALYZER_NONNULL = YES;
				CLANG_ANALYZER_NUMBER_OBJECT_CONVERSION = YES_AGGRESSIVE;
				CLANG_CXX_LANGUAGE_STANDARD = "gnu++20";
				CLANG_ENABLE_MODULES = YES;
				CLANG_ENABLE_OBJC_ARC = YES;
				CLANG_ENABLE_OBJC_WEAK = YES;
				CLANG_WARN_BLOCK_CAPTURE_AUTORELEASING = YES;
				CLANG_WARN_BOOL_CONVERSION = YES;
				CLANG_WARN_COMMA = YES;
				CLANG_WARN_CONSTANT_CONVERSION = YES;
				CLANG_WARN_DEPRECATED_OBJC_IMPLEMENTATIONS = YES;
				CLANG_WARN_DIRECT_OBJC_ISA_USAGE = YES_ERROR;
				CLANG_WARN_DOCUMENTATION_COMMENTS = YES;
				CLANG_WARN_EMPTY_BODY = YES;
				CLANG_WARN_ENUM_CONVERSION = YES;
				CLANG_WARN_INFINITE_RECURSION = YES;
				CLANG_WARN_INT_CONVERSION = YES;
				CLANG_WARN_NON_LITERAL_NULL_CONVERSION = YES;
				CLANG_WARN_OBJC_IMPLICIT_RETAIN_SELF = YES;
				CLANG_WARN_OBJC_LITERAL_CONVERSION = YES;
				CLANG_WARN_OBJC_ROOT_CLASS = YES_ERROR;
				CLANG_WARN_QUOTED_INCLUDE_IN_FRAMEWORK_HEADER = YES;
				CLANG_WARN_RANGE_LOOP_ANALYSIS = YES;
				CLANG_WARN_STRICT_PROTOTYPES = YES;
				CLANG_WARN_SUSPICIOUS_MOVE = YES;
				CLANG_WARN_UNGUARDED_AVAILABILITY = YES_AGGRESSIVE;
				CLANG_WARN_UNREACHABLE_CODE = YES;
				CLANG_WARN__DUPLICATE_METHOD_MATCH = YES;
				COPY_PHASE_STRIP = NO;
				DEBUG_INFORMATION_FORMAT = "dwarf-with-dsym";
				ENABLE_NS_ASSERTIONS = NO;
				ENABLE_STRICT_OBJC_MSGSEND = YES;
				GCC_C_LANGUAGE_STANDARD = gnu11;
				GCC_NO_COMMON_BLOCKS = YES;
				GCC_WARN_64_TO_32_BIT_CONVERSION = YES;
				GCC_WARN_ABOUT_RETURN_TYPE = YES_ERROR;
				GCC_WARN_UNDECLARED_SELECTOR = YES;
				GCC_WARN_UNINITIALIZED_AUTOS = YES_AGGRESSIVE;
				GCC_WARN_UNUSED_FUNCTION = YES;
				GCC_WARN_UNUSED_VARIABLE = YES;
				IPHONEOS_DEPLOYMENT_TARGET = 16.2;
				MTL_ENABLE_DEBUG_INFO = NO;
				MTL_FAST_MATH = YES;
				SDKROOT = iphoneos;
				SWIFT_COMPILATION_MODE = wholemodule;
				SWIFT_OPTIMIZATION_LEVEL = "-O";
				VALIDATE_PRODUCT = YES;
			};
			name = Release;
		};
		7D6F3C31296C724A001AA6DF /* Debug */ = {
			isa = XCBuildConfiguration;
			buildSettings = {
				ASSETCATALOG_COMPILER_APPICON_NAME = AppIcon;
				ASSETCATALOG_COMPILER_GLOBAL_ACCENT_COLOR_NAME = AccentColor;
				CODE_SIGN_STYLE = Automatic;
				CURRENT_PROJECT_VERSION = 1;
				GENERATE_INFOPLIST_FILE = YES;
				INFOPLIST_FILE = CatsAndSomeMoreCats/Info.plist;
				INFOPLIST_KEY_UIApplicationSupportsIndirectInputEvents = YES;
				INFOPLIST_KEY_UILaunchStoryboardName = LaunchScreen;
				INFOPLIST_KEY_UISupportedInterfaceOrientations_iPad = "UIInterfaceOrientationPortrait UIInterfaceOrientationPortraitUpsideDown UIInterfaceOrientationLandscapeLeft UIInterfaceOrientationLandscapeRight";
				INFOPLIST_KEY_UISupportedInterfaceOrientations_iPhone = "UIInterfaceOrientationPortrait UIInterfaceOrientationLandscapeLeft UIInterfaceOrientationLandscapeRight";
				LD_RUNPATH_SEARCH_PATHS = (
					"$(inherited)",
					"@executable_path/Frameworks",
				);
				MARKETING_VERSION = 1.0;
				PRODUCT_BUNDLE_IDENTIFIER = com.AlmaHodzic.CatsAndSomeMoreCats;
				PRODUCT_NAME = "$(TARGET_NAME)";
				SWIFT_EMIT_LOC_STRINGS = YES;
				SWIFT_VERSION = 5.0;
				TARGETED_DEVICE_FAMILY = "1,2";
			};
			name = Debug;
		};
		7D6F3C32296C724A001AA6DF /* Release */ = {
			isa = XCBuildConfiguration;
			buildSettings = {
				ASSETCATALOG_COMPILER_APPICON_NAME = AppIcon;
				ASSETCATALOG_COMPILER_GLOBAL_ACCENT_COLOR_NAME = AccentColor;
				CODE_SIGN_STYLE = Automatic;
				CURRENT_PROJECT_VERSION = 1;
				GENERATE_INFOPLIST_FILE = YES;
				INFOPLIST_FILE = CatsAndSomeMoreCats/Info.plist;
				INFOPLIST_KEY_UIApplicationSupportsIndirectInputEvents = YES;
				INFOPLIST_KEY_UILaunchStoryboardName = LaunchScreen;
				INFOPLIST_KEY_UISupportedInterfaceOrientations_iPad = "UIInterfaceOrientationPortrait UIInterfaceOrientationPortraitUpsideDown UIInterfaceOrientationLandscapeLeft UIInterfaceOrientationLandscapeRight";
				INFOPLIST_KEY_UISupportedInterfaceOrientations_iPhone = "UIInterfaceOrientationPortrait UIInterfaceOrientationLandscapeLeft UIInterfaceOrientationLandscapeRight";
				LD_RUNPATH_SEARCH_PATHS = (
					"$(inherited)",
					"@executable_path/Frameworks",
				);
				MARKETING_VERSION = 1.0;
				PRODUCT_BUNDLE_IDENTIFIER = com.AlmaHodzic.CatsAndSomeMoreCats;
				PRODUCT_NAME = "$(TARGET_NAME)";
				SWIFT_EMIT_LOC_STRINGS = YES;
				SWIFT_VERSION = 5.0;
				TARGETED_DEVICE_FAMILY = "1,2";
			};
			name = Release;
		};
		7D6F3C3E296C725A001AA6DF /* Debug */ = {
			isa = XCBuildConfiguration;
			buildSettings = {
				BUNDLE_LOADER = "$(TEST_HOST)";
				CODE_SIGN_STYLE = Automatic;
				CURRENT_PROJECT_VERSION = 1;
				GENERATE_INFOPLIST_FILE = YES;
				MARKETING_VERSION = 1.0;
				PRODUCT_BUNDLE_IDENTIFIER = com.AlmaHodzic.CatsAndSomeMoreCatsTests;
				PRODUCT_NAME = "$(TARGET_NAME)";
				SWIFT_EMIT_LOC_STRINGS = NO;
				SWIFT_VERSION = 5.0;
				TARGETED_DEVICE_FAMILY = "1,2";
				TEST_HOST = "$(BUILT_PRODUCTS_DIR)/CatsAndSomeMoreCats.app/$(BUNDLE_EXECUTABLE_FOLDER_PATH)/CatsAndSomeMoreCats";
			};
			name = Debug;
		};
		7D6F3C3F296C725A001AA6DF /* Release */ = {
			isa = XCBuildConfiguration;
			buildSettings = {
				BUNDLE_LOADER = "$(TEST_HOST)";
				CODE_SIGN_STYLE = Automatic;
				CURRENT_PROJECT_VERSION = 1;
				GENERATE_INFOPLIST_FILE = YES;
				MARKETING_VERSION = 1.0;
				PRODUCT_BUNDLE_IDENTIFIER = com.AlmaHodzic.CatsAndSomeMoreCatsTests;
				PRODUCT_NAME = "$(TARGET_NAME)";
				SWIFT_EMIT_LOC_STRINGS = NO;
				SWIFT_VERSION = 5.0;
				TARGETED_DEVICE_FAMILY = "1,2";
				TEST_HOST = "$(BUILT_PRODUCTS_DIR)/CatsAndSomeMoreCats.app/$(BUNDLE_EXECUTABLE_FOLDER_PATH)/CatsAndSomeMoreCats";
			};
			name = Release;
		};
/* End XCBuildConfiguration section */

/* Begin XCConfigurationList section */
		7D6F3C17296C7245001AA6DF /* Build configuration list for PBXProject "CatsAndSomeMoreCats" */ = {
			isa = XCConfigurationList;
			buildConfigurations = (
				7D6F3C2E296C724A001AA6DF /* Debug */,
				7D6F3C2F296C724A001AA6DF /* Release */,
			);
			defaultConfigurationIsVisible = 0;
			defaultConfigurationName = Release;
		};
		7D6F3C30296C724A001AA6DF /* Build configuration list for PBXNativeTarget "CatsAndSomeMoreCats" */ = {
			isa = XCConfigurationList;
			buildConfigurations = (
				7D6F3C31296C724A001AA6DF /* Debug */,
				7D6F3C32296C724A001AA6DF /* Release */,
			);
			defaultConfigurationIsVisible = 0;
			defaultConfigurationName = Release;
		};
		7D6F3C3D296C725A001AA6DF /* Build configuration list for PBXNativeTarget "CatsAndSomeMoreCatsTests" */ = {
			isa = XCConfigurationList;
			buildConfigurations = (
				7D6F3C3E296C725A001AA6DF /* Debug */,
				7D6F3C3F296C725A001AA6DF /* Release */,
			);
			defaultConfigurationIsVisible = 0;
			defaultConfigurationName = Release;
		};
/* End XCConfigurationList section */
	};
	rootObject = 7D6F3C14296C7245001AA6DF /* Project object */;
}
